
Microsoft Visual Studio Solution File, Format Version 12.00
# Visual Studio Version 17
VisualStudioVersion = 17.9.34728.123
MinimumVisualStudioVersion = 10.0.40219.1
Project("{2150E333-8FDC-42A3-9474-1A3956D46DE8}") = "1 - API", "1 - API", "{EA35D46D-62A3-421C-899E-F3221FC2C22B}"
EndProject
Project("{2150E333-8FDC-42A3-9474-1A3956D46DE8}") = "2 - Domain", "2 - Domain", "{8629F8C2-5929-4471-A174-69B237F66878}"
EndProject
Project("{2150E333-8FDC-42A3-9474-1A3956D46DE8}") = "3 - Infrastructure", "3 - Infrastructure", "{7431D4E3-B465-483D-BB1B-0E3203D8E58A}"
EndProject
Project("{2150E333-8FDC-42A3-9474-1A3956D46DE8}") = "99 - Tests", "99 - Tests", "{84212352-1EAA-489A-BF75-8ECB2770AE96}"
EndProject
Project("{9A19103F-16F7-4668-BE54-9A1E7A4F7556}") = "GeoApi.API", "GeoApi.API\GeoApi.API.csproj", "{84128E1B-E29D-45A0-B866-E46D6B864E0F}"
EndProject
Project("{9A19103F-16F7-4668-BE54-9A1E7A4F7556}") = "GeoApi.Domain", "GeoApi.Domain\GeoApi.Domain.csproj", "{71CF1C9E-BE92-4EB6-85B9-B0E749DA0793}"
EndProject
Project("{9A19103F-16F7-4668-BE54-9A1E7A4F7556}") = "GeoApi.Infrastructure", "GeoApi.Infrastructure\GeoApi.Infrastructure.csproj", "{01E76B82-BD51-4BCF-9D85-8F570D7E83C8}"
	ProjectSection(ProjectDependencies) = postProject
		{71CF1C9E-BE92-4EB6-85B9-B0E749DA0793} = {71CF1C9E-BE92-4EB6-85B9-B0E749DA0793}
	EndProjectSection
EndProject
Project("{FAE04EC0-301F-11D3-BF4B-00C04F79EFBC}") = "GeoApi.Tests", "GeoApi.Tests\GeoApi.Tests.csproj", "{7FBBB96B-DD24-4C17-835B-D41370F992CA}"
EndProject
Global
	GlobalSection(SolutionConfigurationPlatforms) = preSolution
		Debug|Any CPU = Debug|Any CPU
		Release|Any CPU = Release|Any CPU
	EndGlobalSection
	GlobalSection(ProjectConfigurationPlatforms) = postSolution
		{84128E1B-E29D-45A0-B866-E46D6B864E0F}.Debug|Any CPU.ActiveCfg = Debug|Any CPU
		{84128E1B-E29D-45A0-B866-E46D6B864E0F}.Debug|Any CPU.Build.0 = Debug|Any CPU
		{84128E1B-E29D-45A0-B866-E46D6B864E0F}.Release|Any CPU.ActiveCfg = Release|Any CPU
		{84128E1B-E29D-45A0-B866-E46D6B864E0F}.Release|Any CPU.Build.0 = Release|Any CPU
		{71CF1C9E-BE92-4EB6-85B9-B0E749DA0793}.Debug|Any CPU.ActiveCfg = Debug|Any CPU
		{71CF1C9E-BE92-4EB6-85B9-B0E749DA0793}.Debug|Any CPU.Build.0 = Debug|Any CPU
		{71CF1C9E-BE92-4EB6-85B9-B0E749DA0793}.Release|Any CPU.ActiveCfg = Release|Any CPU
		{71CF1C9E-BE92-4EB6-85B9-B0E749DA0793}.Release|Any CPU.Build.0 = Release|Any CPU
		{01E76B82-BD51-4BCF-9D85-8F570D7E83C8}.Debug|Any CPU.ActiveCfg = Debug|Any CPU
		{01E76B82-BD51-4BCF-9D85-8F570D7E83C8}.Debug|Any CPU.Build.0 = Debug|Any CPU
		{01E76B82-BD51-4BCF-9D85-8F570D7E83C8}.Release|Any CPU.ActiveCfg = Release|Any CPU
		{01E76B82-BD51-4BCF-9D85-8F570D7E83C8}.Release|Any CPU.Build.0 = Release|Any CPU
		{7FBBB96B-DD24-4C17-835B-D41370F992CA}.Debug|Any CPU.ActiveCfg = Debug|Any CPU
		{7FBBB96B-DD24-4C17-835B-D41370F992CA}.Debug|Any CPU.Build.0 = Debug|Any CPU
		{7FBBB96B-DD24-4C17-835B-D41370F992CA}.Release|Any CPU.ActiveCfg = Release|Any CPU
		{7FBBB96B-DD24-4C17-835B-D41370F992CA}.Release|Any CPU.Build.0 = Release|Any CPU
	EndGlobalSection
	GlobalSection(SolutionProperties) = preSolution
		HideSolutionNode = FALSE
	EndGlobalSection
	GlobalSection(NestedProjects) = preSolution
		{84128E1B-E29D-45A0-B866-E46D6B864E0F} = {EA35D46D-62A3-421C-899E-F3221FC2C22B}
		{71CF1C9E-BE92-4EB6-85B9-B0E749DA0793} = {8629F8C2-5929-4471-A174-69B237F66878}
		{01E76B82-BD51-4BCF-9D85-8F570D7E83C8} = {7431D4E3-B465-483D-BB1B-0E3203D8E58A}
		{7FBBB96B-DD24-4C17-835B-D41370F992CA} = {84212352-1EAA-489A-BF75-8ECB2770AE96}
	EndGlobalSection
	GlobalSection(ExtensibilityGlobals) = postSolution
		SolutionGuid = {F7E609A2-D76D-4263-B756-A236F96E864B}
	EndGlobalSection
EndGlobal
